
Microsoft Visual Studio Solution File, Format Version 12.00
# Visual Studio 15
VisualStudioVersion = 15.0.28010.2016
MinimumVisualStudioVersion = 10.0.40219.1
Project("{FAE04EC0-301F-11D3-BF4B-00C04F79EFBC}") = "explorador_de_archivos", "explorador_de_archivos\explorador_de_archivos.csproj", "{8396C3F0-64BD-4997-BB41-F4B8CE53D945}"
EndProject
Global
	GlobalSection(SolutionConfigurationPlatforms) = preSolution
		Debug|Any CPU = Debug|Any CPU
		Release|Any CPU = Release|Any CPU
	EndGlobalSection
	GlobalSection(ProjectConfigurationPlatforms) = postSolution
		{8396C3F0-64BD-4997-BB41-F4B8CE53D945}.Debug|Any CPU.ActiveCfg = Debug|Any CPU
		{8396C3F0-64BD-4997-BB41-F4B8CE53D945}.Debug|Any CPU.Build.0 = Debug|Any CPU
		{8396C3F0-64BD-4997-BB41-F4B8CE53D945}.Release|Any CPU.ActiveCfg = Release|Any CPU
		{8396C3F0-64BD-4997-BB41-F4B8CE53D945}.Release|Any CPU.Build.0 = Release|Any CPU
	EndGlobalSection
	GlobalSection(SolutionProperties) = preSolution
		HideSolutionNode = FALSE
	EndGlobalSection
	GlobalSection(ExtensibilityGlobals) = postSolution
		SolutionGuid = {F4A26CDE-2725-4954-9105-963F5F456D96}
	EndGlobalSection
EndGlobal
